
Microsoft Visual Studio Solution File, Format Version 12.00
# Visual Studio Version 16
VisualStudioVersion = 16.0.30717.126
MinimumVisualStudioVersion = 10.0.40219.1
Project("{2150E333-8FDC-42A3-9474-1A3956D46DE8}") = "extern", "extern", "{5AD3F041-D553-492B-948D-E58BDA4373CF}"
	ProjectSection(SolutionItems) = preProject
		..\..\Users\Mark\AppData\Local\J4JSoftware\GPS Track Processor\userConfig.json = ..\..\Users\Mark\AppData\Local\J4JSoftware\GPS Track Processor\userConfig.json
	EndProjectSection
EndProject
Project("{9A19103F-16F7-4668-BE54-9A1E7A4F7556}") = "DependencyInjection", "..\ProgrammingUtilities\DependencyInjection\DependencyInjection.csproj", "{A80A75DD-DB4C-472D-8166-FE8F86FD7BF1}"
EndProject
Project("{9A19103F-16F7-4668-BE54-9A1E7A4F7556}") = "AutoFacJ4JLogging", "..\J4JLogging\AutoFacJ4JLogging\AutoFacJ4JLogging.csproj", "{656BACBE-548A-4D21-9911-02BFFC11DE21}"
EndProject
Project("{9A19103F-16F7-4668-BE54-9A1E7A4F7556}") = "J4JLogging", "..\J4JLogging\J4JLogging\J4JLogging.csproj", "{70E3D3D7-4BFA-414E-806C-D007CD9342DC}"
EndProject
Project("{9A19103F-16F7-4668-BE54-9A1E7A4F7556}") = "VisualUtilities", "..\ProgrammingUtilities\VisualUtilities\VisualUtilities.csproj", "{6781EA78-CEEA-4B48-8D1E-E76CECE32A28}"
EndProject
Project("{9A19103F-16F7-4668-BE54-9A1E7A4F7556}") = "GeoProcessor", "GeoProcessor\GeoProcessor.csproj", "{4DA0E1B4-6972-4825-87DD-41A2F3A8D808}"
EndProject
Project("{9A19103F-16F7-4668-BE54-9A1E7A4F7556}") = "AutofacGeoProcessor", "AutofacGeoProcessor\AutofacGeoProcessor.csproj", "{EB051D48-55A8-4C3C-9A9D-E04F0864008B}"
EndProject
Project("{9A19103F-16F7-4668-BE54-9A1E7A4F7556}") = "Test.GeoProcessor", "Test.GeoProcessor\Test.GeoProcessor.csproj", "{D62EA0A9-51A6-4F9B-9CBC-D5DA85F92614}"
EndProject
Project("{9A19103F-16F7-4668-BE54-9A1E7A4F7556}") = "GeoProcessorApp", "GeoProcessorApp\GeoProcessorApp.csproj", "{9F6D7226-328A-4FA4-9D56-9B68F240E127}"
EndProject
Project("{2150E333-8FDC-42A3-9474-1A3956D46DE8}") = "docs", "docs", "{46B961C5-1883-4706-8633-66984BA48596}"
	ProjectSection(SolutionItems) = preProject
		docs\apikeys.md = docs\apikeys.md
		docs\cmdline.md = docs\cmdline.md
		docs\config.md = docs\config.md
		docs\distance.md = docs\distance.md
		docs\library.md = docs\library.md
		LICENSE.md = LICENSE.md
		README.md = README.md
		docs\win-config.md = docs\win-config.md
		docs\win-running-the-app.md = docs\win-running-the-app.md
	EndProjectSection
EndProject
Project("{2150E333-8FDC-42A3-9474-1A3956D46DE8}") = "assets", "assets", "{62EB80C2-C53A-48CB-BC0D-67D4F40A5881}"
	ProjectSection(SolutionItems) = preProject
		docs\assets\tldr-console.png = docs\assets\tldr-console.png
		docs\assets\win-completed.png = docs\assets\win-completed.png
		docs\assets\win-existing-file.png = docs\assets\win-existing-file.png
		docs\assets\win-good-to-go.png = docs\assets\win-good-to-go.png
		docs\assets\win-launch.png = docs\assets\win-launch.png
		docs\assets\win-options-changed.png = docs\assets\win-options-changed.png
		docs\assets\win-options.png = docs\assets\win-options.png
		docs\assets\win-processing.png = docs\assets\win-processing.png
		docs\assets\win-processors.png = docs\assets\win-processors.png
		docs\assets\win-ready-to-begin.png = docs\assets\win-ready-to-begin.png
	EndProjectSection
EndProject
Project("{9A19103F-16F7-4668-BE54-9A1E7A4F7556}") = "J4JCommandLine", "..\J4JCommandLine\J4JCommandLine\J4JCommandLine.csproj", "{67D12E27-03F7-4BC9-BE34-4BCC782716FC}"
EndProject
Project("{9A19103F-16F7-4668-BE54-9A1E7A4F7556}") = "ConsoleUtilities", "..\ProgrammingUtilities\ConsoleUtilities\ConsoleUtilities.csproj", "{7F59F25F-4F4F-4361-8C6D-C52972F56269}"
EndProject
Project("{9A19103F-16F7-4668-BE54-9A1E7A4F7556}") = "GeoProcessorWPF", "GeoProcessorWPF\GeoProcessorWPF.csproj", "{26C0D173-954F-4476-8C3C-79A4249C1E36}"
EndProject
Global
	GlobalSection(SolutionConfigurationPlatforms) = preSolution
		Debug|Any CPU = Debug|Any CPU
		Release|Any CPU = Release|Any CPU
	EndGlobalSection
	GlobalSection(ProjectConfigurationPlatforms) = postSolution
		{A80A75DD-DB4C-472D-8166-FE8F86FD7BF1}.Debug|Any CPU.ActiveCfg = Debug|Any CPU
		{A80A75DD-DB4C-472D-8166-FE8F86FD7BF1}.Debug|Any CPU.Build.0 = Debug|Any CPU
		{A80A75DD-DB4C-472D-8166-FE8F86FD7BF1}.Release|Any CPU.ActiveCfg = Release|Any CPU
		{A80A75DD-DB4C-472D-8166-FE8F86FD7BF1}.Release|Any CPU.Build.0 = Release|Any CPU
		{656BACBE-548A-4D21-9911-02BFFC11DE21}.Debug|Any CPU.ActiveCfg = Debug|Any CPU
		{656BACBE-548A-4D21-9911-02BFFC11DE21}.Debug|Any CPU.Build.0 = Debug|Any CPU
		{656BACBE-548A-4D21-9911-02BFFC11DE21}.Release|Any CPU.ActiveCfg = Release|Any CPU
		{656BACBE-548A-4D21-9911-02BFFC11DE21}.Release|Any CPU.Build.0 = Release|Any CPU
		{70E3D3D7-4BFA-414E-806C-D007CD9342DC}.Debug|Any CPU.ActiveCfg = Debug|Any CPU
		{70E3D3D7-4BFA-414E-806C-D007CD9342DC}.Debug|Any CPU.Build.0 = Debug|Any CPU
		{70E3D3D7-4BFA-414E-806C-D007CD9342DC}.Release|Any CPU.ActiveCfg = Release|Any CPU
		{70E3D3D7-4BFA-414E-806C-D007CD9342DC}.Release|Any CPU.Build.0 = Release|Any CPU
		{6781EA78-CEEA-4B48-8D1E-E76CECE32A28}.Debug|Any CPU.ActiveCfg = Debug|Any CPU
		{6781EA78-CEEA-4B48-8D1E-E76CECE32A28}.Debug|Any CPU.Build.0 = Debug|Any CPU
		{6781EA78-CEEA-4B48-8D1E-E76CECE32A28}.Release|Any CPU.ActiveCfg = Release|Any CPU
		{6781EA78-CEEA-4B48-8D1E-E76CECE32A28}.Release|Any CPU.Build.0 = Release|Any CPU
		{4DA0E1B4-6972-4825-87DD-41A2F3A8D808}.Debug|Any CPU.ActiveCfg = Debug|Any CPU
		{4DA0E1B4-6972-4825-87DD-41A2F3A8D808}.Debug|Any CPU.Build.0 = Debug|Any CPU
		{4DA0E1B4-6972-4825-87DD-41A2F3A8D808}.Release|Any CPU.ActiveCfg = Release|Any CPU
		{4DA0E1B4-6972-4825-87DD-41A2F3A8D808}.Release|Any CPU.Build.0 = Release|Any CPU
		{EB051D48-55A8-4C3C-9A9D-E04F0864008B}.Debug|Any CPU.ActiveCfg = Debug|Any CPU
		{EB051D48-55A8-4C3C-9A9D-E04F0864008B}.Debug|Any CPU.Build.0 = Debug|Any CPU
		{EB051D48-55A8-4C3C-9A9D-E04F0864008B}.Release|Any CPU.ActiveCfg = Release|Any CPU
		{EB051D48-55A8-4C3C-9A9D-E04F0864008B}.Release|Any CPU.Build.0 = Release|Any CPU
		{D62EA0A9-51A6-4F9B-9CBC-D5DA85F92614}.Debug|Any CPU.ActiveCfg = Debug|Any CPU
		{D62EA0A9-51A6-4F9B-9CBC-D5DA85F92614}.Debug|Any CPU.Build.0 = Debug|Any CPU
		{D62EA0A9-51A6-4F9B-9CBC-D5DA85F92614}.Release|Any CPU.ActiveCfg = Release|Any CPU
		{D62EA0A9-51A6-4F9B-9CBC-D5DA85F92614}.Release|Any CPU.Build.0 = Release|Any CPU
		{9F6D7226-328A-4FA4-9D56-9B68F240E127}.Debug|Any CPU.ActiveCfg = Debug|Any CPU
		{9F6D7226-328A-4FA4-9D56-9B68F240E127}.Debug|Any CPU.Build.0 = Debug|Any CPU
		{9F6D7226-328A-4FA4-9D56-9B68F240E127}.Release|Any CPU.ActiveCfg = Release|Any CPU
		{9F6D7226-328A-4FA4-9D56-9B68F240E127}.Release|Any CPU.Build.0 = Release|Any CPU
		{67D12E27-03F7-4BC9-BE34-4BCC782716FC}.Debug|Any CPU.ActiveCfg = Debug|Any CPU
		{67D12E27-03F7-4BC9-BE34-4BCC782716FC}.Debug|Any CPU.Build.0 = Debug|Any CPU
		{67D12E27-03F7-4BC9-BE34-4BCC782716FC}.Release|Any CPU.ActiveCfg = Release|Any CPU
		{67D12E27-03F7-4BC9-BE34-4BCC782716FC}.Release|Any CPU.Build.0 = Release|Any CPU
		{7F59F25F-4F4F-4361-8C6D-C52972F56269}.Debug|Any CPU.ActiveCfg = Debug|Any CPU
		{7F59F25F-4F4F-4361-8C6D-C52972F56269}.Debug|Any CPU.Build.0 = Debug|Any CPU
		{7F59F25F-4F4F-4361-8C6D-C52972F56269}.Release|Any CPU.ActiveCfg = Release|Any CPU
		{7F59F25F-4F4F-4361-8C6D-C52972F56269}.Release|Any CPU.Build.0 = Release|Any CPU
		{26C0D173-954F-4476-8C3C-79A4249C1E36}.Debug|Any CPU.ActiveCfg = Debug|Any CPU
		{26C0D173-954F-4476-8C3C-79A4249C1E36}.Debug|Any CPU.Build.0 = Debug|Any CPU
		{26C0D173-954F-4476-8C3C-79A4249C1E36}.Release|Any CPU.ActiveCfg = Release|Any CPU
		{26C0D173-954F-4476-8C3C-79A4249C1E36}.Release|Any CPU.Build.0 = Release|Any CPU
	EndGlobalSection
	GlobalSection(SolutionProperties) = preSolution
		HideSolutionNode = FALSE
	EndGlobalSection
	GlobalSection(NestedProjects) = preSolution
		{A80A75DD-DB4C-472D-8166-FE8F86FD7BF1} = {5AD3F041-D553-492B-948D-E58BDA4373CF}
		{656BACBE-548A-4D21-9911-02BFFC11DE21} = {5AD3F041-D553-492B-948D-E58BDA4373CF}
		{70E3D3D7-4BFA-414E-806C-D007CD9342DC} = {5AD3F041-D553-492B-948D-E58BDA4373CF}
		{6781EA78-CEEA-4B48-8D1E-E76CECE32A28} = {5AD3F041-D553-492B-948D-E58BDA4373CF}
		{62EB80C2-C53A-48CB-BC0D-67D4F40A5881} = {46B961C5-1883-4706-8633-66984BA48596}
		{67D12E27-03F7-4BC9-BE34-4BCC782716FC} = {5AD3F041-D553-492B-948D-E58BDA4373CF}
		{7F59F25F-4F4F-4361-8C6D-C52972F56269} = {5AD3F041-D553-492B-948D-E58BDA4373CF}
	EndGlobalSection
	GlobalSection(ExtensibilityGlobals) = postSolution
		SolutionGuid = {FE44BCE1-11E4-4584-BACC-44570810FB77}
	EndGlobalSection
EndGlobal
