
Microsoft Visual Studio Solution File, Format Version 12.00
# Visual Studio Version 16
VisualStudioVersion = 16.0.30717.126
MinimumVisualStudioVersion = 10.0.40219.1
Project("{9A19103F-16F7-4668-BE54-9A1E7A4F7556}") = "KMLProcessor", "KMLProcessor\KMLProcessor.csproj", "{D75857D9-9FFA-4CD8-8EBB-9F363DD1099E}"
EndProject
Project("{2150E333-8FDC-42A3-9474-1A3956D46DE8}") = "extern", "extern", "{5AD3F041-D553-492B-948D-E58BDA4373CF}"
	ProjectSection(SolutionItems) = preProject
		..\..\Users\Mark\AppData\Local\J4JSoftware\GPS Track Processor\userConfig.json = ..\..\Users\Mark\AppData\Local\J4JSoftware\GPS Track Processor\userConfig.json
	EndProjectSection
EndProject
Project("{9A19103F-16F7-4668-BE54-9A1E7A4F7556}") = "DependencyInjection", "..\ProgrammingUtilities\DependencyInjection\DependencyInjection.csproj", "{A80A75DD-DB4C-472D-8166-FE8F86FD7BF1}"
EndProject
Project("{9A19103F-16F7-4668-BE54-9A1E7A4F7556}") = "AutoFacJ4JLogging", "..\J4JLogging\AutoFacJ4JLogging\AutoFacJ4JLogging.csproj", "{656BACBE-548A-4D21-9911-02BFFC11DE21}"
EndProject
Project("{9A19103F-16F7-4668-BE54-9A1E7A4F7556}") = "J4JLogging", "..\J4JLogging\J4JLogging\J4JLogging.csproj", "{70E3D3D7-4BFA-414E-806C-D007CD9342DC}"
EndProject
Project("{9A19103F-16F7-4668-BE54-9A1E7A4F7556}") = "Binder", "..\J4JCommandLine\Binder\Binder.csproj", "{64E230F2-1223-4FBE-BD97-A34152FAAF6C}"
EndProject
Project("{9A19103F-16F7-4668-BE54-9A1E7A4F7556}") = "VisualUtilities", "..\ProgrammingUtilities\VisualUtilities\VisualUtilities.csproj", "{6781EA78-CEEA-4B48-8D1E-E76CECE32A28}"
EndProject
Project("{9A19103F-16F7-4668-BE54-9A1E7A4F7556}") = "GeoProcessor", "GeoProcessor\GeoProcessor.csproj", "{4DA0E1B4-6972-4825-87DD-41A2F3A8D808}"
EndProject
Project("{9A19103F-16F7-4668-BE54-9A1E7A4F7556}") = "AutofacGeoProcessor", "AutofacGeoProcessor\AutofacGeoProcessor.csproj", "{EB051D48-55A8-4C3C-9A9D-E04F0864008B}"
EndProject
Project("{9A19103F-16F7-4668-BE54-9A1E7A4F7556}") = "Test.GeoProcessor", "Test.GeoProcessor\Test.GeoProcessor.csproj", "{D62EA0A9-51A6-4F9B-9CBC-D5DA85F92614}"
EndProject
Project("{9A19103F-16F7-4668-BE54-9A1E7A4F7556}") = "GeoProcessorApp", "GeoProcessorApp\GeoProcessorApp.csproj", "{9F6D7226-328A-4FA4-9D56-9B68F240E127}"
EndProject
Global
	GlobalSection(SolutionConfigurationPlatforms) = preSolution
		Debug|Any CPU = Debug|Any CPU
		Release|Any CPU = Release|Any CPU
	EndGlobalSection
	GlobalSection(ProjectConfigurationPlatforms) = postSolution
		{D75857D9-9FFA-4CD8-8EBB-9F363DD1099E}.Debug|Any CPU.ActiveCfg = Debug|Any CPU
		{D75857D9-9FFA-4CD8-8EBB-9F363DD1099E}.Debug|Any CPU.Build.0 = Debug|Any CPU
		{D75857D9-9FFA-4CD8-8EBB-9F363DD1099E}.Release|Any CPU.ActiveCfg = Release|Any CPU
		{D75857D9-9FFA-4CD8-8EBB-9F363DD1099E}.Release|Any CPU.Build.0 = Release|Any CPU
		{A80A75DD-DB4C-472D-8166-FE8F86FD7BF1}.Debug|Any CPU.ActiveCfg = Debug|Any CPU
		{A80A75DD-DB4C-472D-8166-FE8F86FD7BF1}.Debug|Any CPU.Build.0 = Debug|Any CPU
		{A80A75DD-DB4C-472D-8166-FE8F86FD7BF1}.Release|Any CPU.ActiveCfg = Release|Any CPU
		{A80A75DD-DB4C-472D-8166-FE8F86FD7BF1}.Release|Any CPU.Build.0 = Release|Any CPU
		{656BACBE-548A-4D21-9911-02BFFC11DE21}.Debug|Any CPU.ActiveCfg = Debug|Any CPU
		{656BACBE-548A-4D21-9911-02BFFC11DE21}.Debug|Any CPU.Build.0 = Debug|Any CPU
		{656BACBE-548A-4D21-9911-02BFFC11DE21}.Release|Any CPU.ActiveCfg = Release|Any CPU
		{656BACBE-548A-4D21-9911-02BFFC11DE21}.Release|Any CPU.Build.0 = Release|Any CPU
		{70E3D3D7-4BFA-414E-806C-D007CD9342DC}.Debug|Any CPU.ActiveCfg = Debug|Any CPU
		{70E3D3D7-4BFA-414E-806C-D007CD9342DC}.Debug|Any CPU.Build.0 = Debug|Any CPU
		{70E3D3D7-4BFA-414E-806C-D007CD9342DC}.Release|Any CPU.ActiveCfg = Release|Any CPU
		{70E3D3D7-4BFA-414E-806C-D007CD9342DC}.Release|Any CPU.Build.0 = Release|Any CPU
		{64E230F2-1223-4FBE-BD97-A34152FAAF6C}.Debug|Any CPU.ActiveCfg = Debug|Any CPU
		{64E230F2-1223-4FBE-BD97-A34152FAAF6C}.Debug|Any CPU.Build.0 = Debug|Any CPU
		{64E230F2-1223-4FBE-BD97-A34152FAAF6C}.Release|Any CPU.ActiveCfg = Release|Any CPU
		{64E230F2-1223-4FBE-BD97-A34152FAAF6C}.Release|Any CPU.Build.0 = Release|Any CPU
		{6781EA78-CEEA-4B48-8D1E-E76CECE32A28}.Debug|Any CPU.ActiveCfg = Debug|Any CPU
		{6781EA78-CEEA-4B48-8D1E-E76CECE32A28}.Debug|Any CPU.Build.0 = Debug|Any CPU
		{6781EA78-CEEA-4B48-8D1E-E76CECE32A28}.Release|Any CPU.ActiveCfg = Release|Any CPU
		{6781EA78-CEEA-4B48-8D1E-E76CECE32A28}.Release|Any CPU.Build.0 = Release|Any CPU
		{4DA0E1B4-6972-4825-87DD-41A2F3A8D808}.Debug|Any CPU.ActiveCfg = Debug|Any CPU
		{4DA0E1B4-6972-4825-87DD-41A2F3A8D808}.Debug|Any CPU.Build.0 = Debug|Any CPU
		{4DA0E1B4-6972-4825-87DD-41A2F3A8D808}.Release|Any CPU.ActiveCfg = Release|Any CPU
		{4DA0E1B4-6972-4825-87DD-41A2F3A8D808}.Release|Any CPU.Build.0 = Release|Any CPU
		{EB051D48-55A8-4C3C-9A9D-E04F0864008B}.Debug|Any CPU.ActiveCfg = Debug|Any CPU
		{EB051D48-55A8-4C3C-9A9D-E04F0864008B}.Debug|Any CPU.Build.0 = Debug|Any CPU
		{EB051D48-55A8-4C3C-9A9D-E04F0864008B}.Release|Any CPU.ActiveCfg = Release|Any CPU
		{EB051D48-55A8-4C3C-9A9D-E04F0864008B}.Release|Any CPU.Build.0 = Release|Any CPU
		{D62EA0A9-51A6-4F9B-9CBC-D5DA85F92614}.Debug|Any CPU.ActiveCfg = Debug|Any CPU
		{D62EA0A9-51A6-4F9B-9CBC-D5DA85F92614}.Debug|Any CPU.Build.0 = Debug|Any CPU
		{D62EA0A9-51A6-4F9B-9CBC-D5DA85F92614}.Release|Any CPU.ActiveCfg = Release|Any CPU
		{D62EA0A9-51A6-4F9B-9CBC-D5DA85F92614}.Release|Any CPU.Build.0 = Release|Any CPU
		{9F6D7226-328A-4FA4-9D56-9B68F240E127}.Debug|Any CPU.ActiveCfg = Debug|Any CPU
		{9F6D7226-328A-4FA4-9D56-9B68F240E127}.Debug|Any CPU.Build.0 = Debug|Any CPU
		{9F6D7226-328A-4FA4-9D56-9B68F240E127}.Release|Any CPU.ActiveCfg = Release|Any CPU
		{9F6D7226-328A-4FA4-9D56-9B68F240E127}.Release|Any CPU.Build.0 = Release|Any CPU
	EndGlobalSection
	GlobalSection(SolutionProperties) = preSolution
		HideSolutionNode = FALSE
	EndGlobalSection
	GlobalSection(NestedProjects) = preSolution
		{A80A75DD-DB4C-472D-8166-FE8F86FD7BF1} = {5AD3F041-D553-492B-948D-E58BDA4373CF}
		{656BACBE-548A-4D21-9911-02BFFC11DE21} = {5AD3F041-D553-492B-948D-E58BDA4373CF}
		{70E3D3D7-4BFA-414E-806C-D007CD9342DC} = {5AD3F041-D553-492B-948D-E58BDA4373CF}
		{64E230F2-1223-4FBE-BD97-A34152FAAF6C} = {5AD3F041-D553-492B-948D-E58BDA4373CF}
		{6781EA78-CEEA-4B48-8D1E-E76CECE32A28} = {5AD3F041-D553-492B-948D-E58BDA4373CF}
	EndGlobalSection
	GlobalSection(ExtensibilityGlobals) = postSolution
		SolutionGuid = {FE44BCE1-11E4-4584-BACC-44570810FB77}
	EndGlobalSection
EndGlobal
